{
    "_meta": {
        "hash": {
            "sha256": "275cc5345b58be6bae204abddbdb729b6288d82fdd3314462b45b178c3737ee7"
        },
        "pipfile-spec": 6,
        "requires": {
            "python_full_version": "3.11.10",
            "python_version": "3.11"
        },
        "sources": [
            {
                "name": "pypi",
                "url": "https://pypi.org/simple",
                "verify_ssl": true
            }
        ]
    },
    "default": {
        "blinker": {
            "hashes": [
                "sha256:b4ce2265a7abece45e7cc896e98dbebe6cead56bcf805a3d23136d145f5445bf",
                "sha256:ba0efaa9080b619ff2f3459d1d500c57bddea4a6b424b60a91141db6fd2f08bc"
            ],
            "markers": "python_version >= '3.9'",
            "version": "==1.9.0"
        },
        "certifi": {
            "hashes": [
                "sha256:027692e4402ad994f1c42e52a4997a9763c646b73e4096e4d5d6db8af1d6f0fa",
                "sha256:e887ab5cee78ea814d3472169153c2d12cd43b14bd03329a39a9c6e2e80bfba7"
            ],
            "markers": "python_version >= '3.7'",
            "version": "==2026.2.25"
        },
        "charset-normalizer": {
            "hashes": [
                "sha256:014837af6fabf57121b6254fa8ade10dceabc3528b27b721a64bbc7b8b1d4eb4",
                "sha256:01a1ed54b953303ca7e310fafe0fe347aab348bd81834a0bcd602eb538f89d66",
                "sha256:0294916d6ccf2d069727d65973c3a1ca477d68708db25fd758dd28b0827cff54",
                "sha256:02a9d1b01c1e12c27883b0c9349e0bcd9ae92e727ff1a277207e1a262b1cbf05",
                "sha256:036c079aa08a6a592b82487f97c60b439428320ed1b2ea0b3912e99d30c77765",
                "sha256:039215608ac7b358c4da0191d10fc76868567fbf276d54c14721bdedeb6de064",
                "sha256:0625665e4ebdddb553ab185de5db7054393af8879fb0c87bd5690d14379d6819",
                "sha256:0a45e504f5e1be0bd385935a8e1507c442349ca36f511a47057a71c9d1d6ea9e",
                "sha256:0b362bcd27819f9c07cbf23db4e0e8cd4b44c5ecd900c2ff907b2b92274a7412",
                "sha256:0c300cefd9b0970381a46394902cd18eaf2aa00163f999590ace991989dcd0fc",
                "sha256:1088345bcc93c58d8d8f3d783eca4a6e7a7752bbff26c3eee7e73c597c191c2e",
                "sha256:10b473fc8dca1c3ad8559985794815f06ca3fc71942c969129070f2c3cdf7281",
                "sha256:131716d6786ad5e3dc542f5cc6f397ba3339dc0fb87f87ac30e550e8987756af",
                "sha256:14498a429321de554b140013142abe7608f9d8ccc04d7baf2ad60498374aefa2",
                "sha256:149ec69866c3d6c2fb6f758dbc014ecb09f30b35a5ca90b6a8a2d4e54e18fdfe",
                "sha256:165c7b21d19365464e8f70e5ce5e12524c58b48c78c1f5a57524603c1ab003f8",
                "sha256:1827734a5b308b65ac54e86a618de66f935a4f63a8a462ff1e19a6788d6c2262",
                "sha256:19092dde50335accf365cce21998a1c6dd8eafd42c7b226eb54b2747cdce2fac",
                "sha256:1a374cc0b88aa710e8865dc1bd6edb3743c59f27830f0293ab101e4cf3ce9f85",
                "sha256:1d1401945cb77787dbd3af2446ff2d75912327c4c3a1526ab7955ecf8600687c",
                "sha256:1f2da5cbb9becfcd607757a169e38fb82aa5fd86fae6653dea716e7b613fe2cf",
                "sha256:259cd1ca995ad525f638e131dbcc2353a586564c038fc548a3fe450a91882139",
                "sha256:2820a98460c83663dd8ec015d9ddfd1e4879f12e06bb7d0500f044fb477d2770",
                "sha256:28269983f25a4da0425743d0d257a2d6921ea7d9b83599d4039486ec5b9f911d",
                "sha256:2b970382e4a36bed897c19f310f31d7d13489c11b4f468ddfba42d41cddfb918",
                "sha256:2da4eedcb6338e2321e831a0165759c0c620e37f8cd044a263ff67493be8ffb3",
                "sha256:30987f4a8ed169983f93e1be8ffeea5214a779e27ed0b059835c7afe96550ad7",
                "sha256:30a2b1a48478c3428d047ed9690d57c23038dac838a87ad624c85c0a78ebeb39",
                "sha256:340810d34ef83af92148e96e3e44cb2d3f910d2bf95e5618a5c467d9f102231d",
                "sha256:3f64c6bf8f32f9133b668c7f7a7cbdbc453412bc95ecdbd157f3b1e377a92990",
                "sha256:4167a621a9a1a986c73777dbc15d4b5eac8ac5c10393374109a343d4013ec765",
                "sha256:4354e401eb6dab9aed3c7b4030514328a6c748d05e1c3e19175008ca7de84fb1",
                "sha256:4481e6da1830c8a1cc0b746b47f603b653dadb690bcd851d039ffaefe70533aa",
                "sha256:4b8551b6e6531e156db71193771c93bda78ffc4d1e6372517fe58ad3b91e4659",
                "sha256:4cd966c2559f501c6fd69294d082c2934c8dd4719deb32c22961a5ac6db0df1d",
                "sha256:50bcbca6603c06a1dcc7b056ed45c37715fb5d2768feb3bcd37d2313c587a5b9",
                "sha256:530beedcec9b6e027e7a4b6ce26eed36678aa39e17da85e6e03d7bd9e8e9d7c9",
                "sha256:568e3c34b58422075a1b49575a6abc616d9751b4d61b23f712e12ebb78fe47b2",
                "sha256:573ef5814c4b7c0d59a7710aa920eaaaef383bd71626aa420fba27b5cab92e8d",
                "sha256:58ad8270cfa5d4bef1bc85bd387217e14ff154d6630e976c6f56f9a040757475",
                "sha256:597d10dec876923e5c59e48dbd366e852eacb2b806029491d307daea6b917d7c",
                "sha256:5bcb3227c3d9aaf73eaaab1db7ccd80a8995c509ee9941e2aae060ca6e4e5d81",
                "sha256:5cffde4032a197bd3b42fd0b9509ec60fb70918d6970e4cc773f20fc9180ca67",
                "sha256:5fea359734b140d0d6741189fea5478c6091b54ffc69d7ce119e0a05637d8c99",
                "sha256:60d68e820af339df4ae8358c7a2e7596badeb61e544438e489035f9fbf3246a5",
                "sha256:610f72c0ee565dfb8ae1241b666119582fdbfe7c0975c175be719f940e110694",
                "sha256:65a126fb4b070d05340a84fc709dd9e7c75d9b063b610ece8a60197a291d0adf",
                "sha256:65b3c403a5b6b8034b655e7385de4f72b7b244869a22b32d4030b99a60593eca",
                "sha256:66dee73039277eb35380d1b82cccc69cc82b13a66f9f4a18da32d573acf02b7c",
                "sha256:708c7acde173eedd4bfa4028484426ba689d2103b28588c513b9db2cd5ecde9c",
                "sha256:728c6a963dfab66ef865f49286e45239384249672cd598576765acc2a640a636",
                "sha256:754f96058e61a5e22e91483f823e07df16416ce76afa4ebf306f8e1d1296d43f",
                "sha256:75dfd1afe0b1647449e852f4fb428195a7ed0588947218f7ba929f6538487f02",
                "sha256:75ee9c1cce2911581a70a3c0919d8bccf5b1cbc9b0e5171400ec736b4b569497",
                "sha256:76a9d0de4d0eab387822e7b35d8f89367dd237c72e82ab42b9f7bf5e15ada00f",
                "sha256:77be992288f720306ab4108fe5c74797de327f3248368dfc7e1a916d6ed9e5a2",
                "sha256:7ad83b8f9379176c841f8865884f3514d905bcd2a9a3b210eaa446e7d2223e4d",
                "sha256:8197abe5ca1ffb7d91e78360f915eef5addff270f8a71c1fc5be24a56f3e4873",
                "sha256:82cc7c2ad42faec8b574351f8bc2a0c049043893853317bd9bb309f5aba6cb5a",
                "sha256:8a28afb04baa55abf26df544e3e5c6534245d3daa5178bc4a8eeb48202060d0e",
                "sha256:8b78d8a609a4b82c273257ee9d631ded7fac0d875bdcdccc109f3ee8328cfcb1",
                "sha256:8ce11cd4d62d11166f2b441e30ace226c19a3899a7cf0796f668fba49a9fb123",
                "sha256:8fff79bf5978c693c9b1a4d71e4a94fddfb5fe744eb062a318e15f4a2f63a550",
                "sha256:92263f7eca2f4af326cd20de8d16728d2602f7cfea02e790dcde9d83c365d7cc",
                "sha256:93b3b2cc5cf1b8743660ce77a4f45f3f6d1172068207c1defc779a36eea6bb36",
                "sha256:95adae7b6c42a6c5b5b559b1a99149f090a57128155daeea91732c8d970d8644",
                "sha256:97ab7787092eb9b50fb47fa04f24c75b768a606af1bcba1957f07f128a7219e4",
                "sha256:9db5e3fcdcee89a78c04dffb3fe33c79f77bd741a624946db2591c81b2fc85b0",
                "sha256:a118e2e0b5ae6b0120d5efa5f866e58f2bb826067a646431da4d6a2bdae7950e",
                "sha256:a2aecdb364b8a1802afdc7f9327d55dad5366bc97d8502d0f5854e50712dbc5f",
                "sha256:a66aa5022bf81ab4b1bebfb009db4fd68e0c6d4307a1ce5ef6a26e5878dfc9e4",
                "sha256:a68766a3c58fde7f9aaa22b3786276f62ab2f594efb02d0a1421b6282e852e98",
                "sha256:aa2f963b4da26daf46231d9b9e0e2c9408a751f8f0d0f44d2de56d3caf51d294",
                "sha256:aa92ec1102eaff840ccd1021478af176a831f1bccb08e526ce844b7ddda85c22",
                "sha256:ac59c15e3f1465f722607800c68713f9fbc2f672b9eb649fe831da4019ae9b23",
                "sha256:ae8b03427410731469c4033934cf473426faff3e04b69d2dfb64a4281a3719f8",
                "sha256:afca7f78067dd27c2b848f1b234623d26b87529296c6c5652168cc1954f2f3b2",
                "sha256:b2d37d78297b39a9eb9eb92c0f6df98c706467282055419df141389b23f93362",
                "sha256:b3e71afc578b98512bfe7bdb822dd6bc57d4b0093b4b6e5487c1e96ad4ace242",
                "sha256:ba20bdf69bd127f66d0174d6f2a93e69045e0b4036dc1ca78e091bcc765830c4",
                "sha256:c108f8619e504140569ee7de3f97d234f0fbae338a7f9f360455071ef9855a95",
                "sha256:c23eb3263356d94858655b3e63f85ac5d50970c6e8febcdde7830209139cc37d",
                "sha256:c5af897b45fa606b12464ccbe0014bbf8c09191e0a66aab6aa9d5cf6e77e0c94",
                "sha256:c7a80a9242963416bd81f99349d5f3fce1843c303bd404f204918b6d75a75fd6",
                "sha256:c7e84e0c0005e3bdc1a9211cd4e62c78ba80bc37b2365ef4410cd2007a9047f2",
                "sha256:cace89841c0599d736d3d74a27bc5821288bb47c5441923277afc6059d7fbcb4",
                "sha256:cd2d0f0ec9aa977a27731a3209ebbcacebebaf41f902bd453a928bfd281cf7f8",
                "sha256:d01de5e768328646e6a3fa9e562706f8f6641708c115c62588aef2b941a4f88e",
                "sha256:d1028de43596a315e2720a9849ee79007ab742c06ad8b45a50db8cdb7ed4a82a",
                "sha256:d27ce22ec453564770d29d03a9506d449efbb9fa13c00842262b2f6801c48cce",
                "sha256:d29dd9c016f2078b43d0c357511e87eee5b05108f3dd603423cb389b89813969",
                "sha256:d31f0d1671e1534e395f9eb84a68e0fb670e1edb1fe819a9d7f564ae3bc4e53f",
                "sha256:d4eb8ac7469b2a5d64b5b8c04f84d8bf3ad340f4514b98523805cbf46e3b3923",
                "sha256:d5e52d127045d6ae01a1e821acfad2f3a1866c54d0e837828538fabe8d9d1bd6",
                "sha256:d77f97e515688bd615c1d1f795d540f32542d514242067adcb8ef532504cb9ee",
                "sha256:d8ed79b8f6372ca4254955005830fd61c1ccdd8c0fac6603e2c145c61dd95db6",
                "sha256:dc57a0baa3eeedd99fafaef7511b5a6ef4581494e8168ee086031744e2679467",
                "sha256:e09f671a54ce70b79a1fc1dc6da3072b7ef7251fadb894ed92d9aa8218465a5f",
                "sha256:e22d1059b951e7ae7c20ef6b06afd10fb95e3c41bf3c4fbc874dba113321c193",
                "sha256:e37bd100d2c5d3ba35db9c7c5ba5a9228cbcffe5c4778dc824b164e5257813d7",
                "sha256:e51ae7d81c825761d941962450f50d041db028b7278e7b08930b4541b3e45cb9",
                "sha256:e545b51da9f9af5c67815ca0eb40676c0f016d0b0381c86f20451e35696c5f95",
                "sha256:e6302ca4ae283deb0af68d2fbf467474b8b6aedcd3dab4db187e07f94c109763",
                "sha256:e71bbb595973622b817c042bd943c3f3667e9c9983ce3d205f973f486fec98a7",
                "sha256:ec56a2266f32bc06ed3c3e2a8f58417ce02f7e0356edc89786e52db13c593c98",
                "sha256:ed1a9a204f317ef879b32f9af507d47e49cd5e7f8e8d5d96358c98373314fc60",
                "sha256:ed97c282ee4f994ef814042423a529df9497e3c666dca19be1d4cd1129dc7ade",
                "sha256:ed98364e1c262cf5f9363c3eca8c2df37024f52a8fa1180a3610014f26eac51c",
                "sha256:ee57b926940ba00bca7ba7041e665cc956e55ef482f851b9b65acb20d867e7a2",
                "sha256:f1d725b754e967e648046f00c4facc42d414840f5ccc670c5670f59f83693e4f",
                "sha256:f8102ae93c0bc863b1d41ea0f4499c20a83229f52ed870850892df555187154a",
                "sha256:fc1c64934b8faf7584924143eb9db4770bbdb16659626e1a1a4d9efbcb68d947",
                "sha256:ff95a9283de8a457e6b12989de3f9f5193430f375d64297d323a615ea52cbdb3"
            ],
            "markers": "python_version >= '3.7'",
            "version": "==3.4.5"
        },
        "click": {
            "hashes": [
                "sha256:12ff4785d337a1bb490bb7e9c2b1ee5da3112e94a8622f26a6c77f5d2fc6842a",
                "sha256:981153a64e25f12d547d3426c367a4857371575ee7ad18df2a6183ab0545b2a6"
            ],
            "markers": "python_version >= '3.10'",
            "version": "==8.3.1"
        },
        "flask": {
            "hashes": [
                "sha256:0ef0e52b8a9cd932855379197dd8f94047b359ca0a78695144304cb45f87c9eb",
                "sha256:f4bcbefc124291925f1a26446da31a5178f9483862233b23c0c96a20701f670c"
            ],
            "index": "pypi",
            "markers": "python_version >= '3.9'",
            "version": "==3.1.3"
        },
        "gunicorn": {
            "hashes": [
                "sha256:ec400d38950de4dfd418cff8328b2c8faed0edb0d517d3394e457c317908ca4d",
                "sha256:f014447a0101dc57e294f6c18ca6b40227a4c90e9bdb586042628030cba004ec"
            ],
            "index": "pypi",
            "markers": "python_version >= '3.7'",
            "version": "==23.0.0"
        },
        "idna": {
            "hashes": [
                "sha256:771a87f49d9defaf64091e6e6fe9c18d4833f140bd19464795bc32d966ca37ea",
                "sha256:795dafcc9c04ed0c1fb032c2aa73654d8e8c5023a7df64a53f39190ada629902"
            ],
            "markers": "python_version >= '3.8'",
            "version": "==3.11"
        },
        "itsdangerous": {
            "hashes": [
                "sha256:c6242fc49e35958c8b15141343aa660db5fc54d4f13a1db01a3f5891b98700ef",
                "sha256:e0050c0b7da1eea53ffaf149c0cfbb5c6e2e2b69c4bef22c81fa6eb73e5f6173"
            ],
            "markers": "python_version >= '3.8'",
            "version": "==2.2.0"
        },
        "jinja2": {
            "hashes": [
                "sha256:0137fb05990d35f1275a587e9aee6d56da821fc83491a0fb838183be43f66d6d",
                "sha256:85ece4451f492d0c13c5dd7c13a64681a86afae63a5f347908daf103ce6d2f67"
            ],
            "markers": "python_version >= '3.7'",
            "version": "==3.1.6"
        },
        "joblib": {
            "hashes": [
                "sha256:06d478d5674cbc267e7496a410ee875abd68e4340feff4490bcb7afb88060ae6",
                "sha256:2382c5816b2636fbd20a09e0f4e9dad4736765fdfb7dca582943b9c1366b3f0e"
            ],
            "markers": "python_version >= '3.8'",
            "version": "==1.4.2"
        },
        "markupsafe": {
            "hashes": [
                "sha256:0303439a41979d9e74d18ff5e2dd8c43ed6c6001fd40e5bf2e43f7bd9bbc523f",
                "sha256:068f375c472b3e7acbe2d5318dea141359e6900156b5b2ba06a30b169086b91a",
                "sha256:0bf2a864d67e76e5c9a34dc26ec616a66b9888e25e7b9460e1c76d3293bd9dbf",
                "sha256:0db14f5dafddbb6d9208827849fad01f1a2609380add406671a26386cdf15a19",
                "sha256:0eb9ff8191e8498cca014656ae6b8d61f39da5f95b488805da4bb029cccbfbaf",
                "sha256:0f4b68347f8c5eab4a13419215bdfd7f8c9b19f2b25520968adfad23eb0ce60c",
                "sha256:1085e7fbddd3be5f89cc898938f42c0b3c711fdcb37d75221de2666af647c175",
                "sha256:116bb52f642a37c115f517494ea5feb03889e04df47eeff5b130b1808ce7c219",
                "sha256:12c63dfb4a98206f045aa9563db46507995f7ef6d83b2f68eda65c307c6829eb",
                "sha256:133a43e73a802c5562be9bbcd03d090aa5a1fe899db609c29e8c8d815c5f6de6",
                "sha256:1353ef0c1b138e1907ae78e2f6c63ff67501122006b0f9abad68fda5f4ffc6ab",
                "sha256:15d939a21d546304880945ca1ecb8a039db6b4dc49b2c5a400387cdae6a62e26",
                "sha256:177b5253b2834fe3678cb4a5f0059808258584c559193998be2601324fdeafb1",
                "sha256:1872df69a4de6aead3491198eaf13810b565bdbeec3ae2dc8780f14458ec73ce",
                "sha256:1b4b79e8ebf6b55351f0d91fe80f893b4743f104bff22e90697db1590e47a218",
                "sha256:1b52b4fb9df4eb9ae465f8d0c228a00624de2334f216f178a995ccdcf82c4634",
                "sha256:1ba88449deb3de88bd40044603fafffb7bc2b055d626a330323a9ed736661695",
                "sha256:1cc7ea17a6824959616c525620e387f6dd30fec8cb44f649e31712db02123dad",
                "sha256:218551f6df4868a8d527e3062d0fb968682fe92054e89978594c28e642c43a73",
                "sha256:26a5784ded40c9e318cfc2bdb30fe164bdb8665ded9cd64d500a34fb42067b1c",
                "sha256:2713baf880df847f2bece4230d4d094280f4e67b1e813eec43b4c0e144a34ffe",
                "sha256:2a15a08b17dd94c53a1da0438822d70ebcd13f8c3a95abe3a9ef9f11a94830aa",
                "sha256:2f981d352f04553a7171b8e44369f2af4055f888dfb147d55e42d29e29e74559",
                "sha256:32001d6a8fc98c8cb5c947787c5d08b0a50663d139f1305bac5885d98d9b40fa",
                "sha256:3524b778fe5cfb3452a09d31e7b5adefeea8c5be1d43c4f810ba09f2ceb29d37",
                "sha256:3537e01efc9d4dccdf77221fb1cb3b8e1a38d5428920e0657ce299b20324d758",
                "sha256:35add3b638a5d900e807944a078b51922212fb3dedb01633a8defc4b01a3c85f",
                "sha256:38664109c14ffc9e7437e86b4dceb442b0096dfe3541d7864d9cbe1da4cf36c8",
                "sha256:3a7e8ae81ae39e62a41ec302f972ba6ae23a5c5396c8e60113e9066ef893da0d",
                "sha256:3b562dd9e9ea93f13d53989d23a7e775fdfd1066c33494ff43f5418bc8c58a5c",
                "sha256:457a69a9577064c05a97c41f4e65148652db078a3a509039e64d3467b9e7ef97",
                "sha256:4bd4cd07944443f5a265608cc6aab442e4f74dff8088b0dfc8238647b8f6ae9a",
                "sha256:4e885a3d1efa2eadc93c894a21770e4bc67899e3543680313b09f139e149ab19",
                "sha256:4faffd047e07c38848ce017e8725090413cd80cbc23d86e55c587bf979e579c9",
                "sha256:509fa21c6deb7a7a273d629cf5ec029bc209d1a51178615ddf718f5918992ab9",
                "sha256:5678211cb9333a6468fb8d8be0305520aa073f50d17f089b5b4b477ea6e67fdc",
                "sha256:591ae9f2a647529ca990bc681daebdd52c8791ff06c2bfa05b65163e28102ef2",
                "sha256:5a7d5dc5140555cf21a6fefbdbf8723f06fcd2f63ef108f2854de715e4422cb4",
                "sha256:69c0b73548bc525c8cb9a251cddf1931d1db4d2258e9599c28c07ef3580ef354",
                "sha256:6b5420a1d9450023228968e7e6a9ce57f65d148ab56d2313fcd589eee96a7a50",
                "sha256:722695808f4b6457b320fdc131280796bdceb04ab50fe1795cd540799ebe1698",
                "sha256:729586769a26dbceff69f7a7dbbf59ab6572b99d94576a5592625d5b411576b9",
                "sha256:77f0643abe7495da77fb436f50f8dab76dbc6e5fd25d39589a0f1fe6548bfa2b",
                "sha256:795e7751525cae078558e679d646ae45574b47ed6e7771863fcc079a6171a0fc",
                "sha256:7be7b61bb172e1ed687f1754f8e7484f1c8019780f6f6b0786e76bb01c2ae115",
                "sha256:7c3fb7d25180895632e5d3148dbdc29ea38ccb7fd210aa27acbd1201a1902c6e",
                "sha256:7e68f88e5b8799aa49c85cd116c932a1ac15caaa3f5db09087854d218359e485",
                "sha256:83891d0e9fb81a825d9a6d61e3f07550ca70a076484292a70fde82c4b807286f",
                "sha256:8485f406a96febb5140bfeca44a73e3ce5116b2501ac54fe953e488fb1d03b12",
                "sha256:8709b08f4a89aa7586de0aadc8da56180242ee0ada3999749b183aa23df95025",
                "sha256:8f71bc33915be5186016f675cd83a1e08523649b0e33efdb898db577ef5bb009",
                "sha256:915c04ba3851909ce68ccc2b8e2cd691618c4dc4c4232fb7982bca3f41fd8c3d",
                "sha256:949b8d66bc381ee8b007cd945914c721d9aba8e27f71959d750a46f7c282b20b",
                "sha256:94c6f0bb423f739146aec64595853541634bde58b2135f27f61c1ffd1cd4d16a",
                "sha256:9a1abfdc021a164803f4d485104931fb8f8c1efd55bc6b748d2f5774e78b62c5",
                "sha256:9b79b7a16f7fedff2495d684f2b59b0457c3b493778c9eed31111be64d58279f",
                "sha256:a320721ab5a1aba0a233739394eb907f8c8da5c98c9181d1161e77a0c8e36f2d",
                "sha256:a4afe79fb3de0b7097d81da19090f4df4f8d3a2b3adaa8764138aac2e44f3af1",
                "sha256:ad2cf8aa28b8c020ab2fc8287b0f823d0a7d8630784c31e9ee5edea20f406287",
                "sha256:b8512a91625c9b3da6f127803b166b629725e68af71f8184ae7e7d54686a56d6",
                "sha256:bc51efed119bc9cfdf792cdeaa4d67e8f6fcccab66ed4bfdd6bde3e59bfcbb2f",
                "sha256:bdc919ead48f234740ad807933cdf545180bfbe9342c2bb451556db2ed958581",
                "sha256:bdd37121970bfd8be76c5fb069c7751683bdf373db1ed6c010162b2a130248ed",
                "sha256:be8813b57049a7dc738189df53d69395eba14fb99345e0a5994914a3864c8a4b",
                "sha256:c0c0b3ade1c0b13b936d7970b1d37a57acde9199dc2aecc4c336773e1d86049c",
                "sha256:c47a551199eb8eb2121d4f0f15ae0f923d31350ab9280078d1e5f12b249e0026",
                "sha256:c4ffb7ebf07cfe8931028e3e4c85f0357459a3f9f9490886198848f4fa002ec8",
                "sha256:ccfcd093f13f0f0b7fdd0f198b90053bf7b2f02a3927a30e63f3ccc9df56b676",
                "sha256:d2ee202e79d8ed691ceebae8e0486bd9a2cd4794cec4824e1c99b6f5009502f6",
                "sha256:d53197da72cc091b024dd97249dfc7794d6a56530370992a5e1a08983ad9230e",
                "sha256:d6dd0be5b5b189d31db7cda48b91d7e0a9795f31430b7f271219ab30f1d3ac9d",
                "sha256:d88b440e37a16e651bda4c7c2b930eb586fd15ca7406cb39e211fcff3bf3017d",
                "sha256:de8a88e63464af587c950061a5e6a67d3632e36df62b986892331d4620a35c01",
                "sha256:df2449253ef108a379b8b5d6b43f4b1a8e81a061d6537becd5582fba5f9196d7",
                "sha256:e1c1493fb6e50ab01d20a22826e57520f1284df32f2d8601fdd90b6304601419",
                "sha256:e1cf1972137e83c5d4c136c43ced9ac51d0e124706ee1c8aa8532c1287fa8795",
                "sha256:e2103a929dfa2fcaf9bb4e7c091983a49c9ac3b19c9061b6d5427dd7d14d81a1",
                "sha256:e56b7d45a839a697b5eb268c82a71bd8c7f6c94d6fd50c3d577fa39a9f1409f5",
                "sha256:e8afc3f2ccfa24215f8cb28dcf43f0113ac3c37c2f0f0806d8c70e4228c5cf4d",
                "sha256:e8fc20152abba6b83724d7ff268c249fa196d8259ff481f3b1476383f8f24e42",
                "sha256:eaa9599de571d72e2daf60164784109f19978b327a3910d3e9de8c97b5b70cfe",
                "sha256:ec15a59cf5af7be74194f7ab02d0f59a62bdcf1a537677ce67a2537c9b87fcda",
                "sha256:f190daf01f13c72eac4efd5c430a8de82489d9cff23c364c3ea822545032993e",
                "sha256:f34c41761022dd093b4b6896d4810782ffbabe30f2d443ff5f083e0cbbb8c737",
                "sha256:f3e98bb3798ead92273dc0e5fd0f31ade220f59a266ffd8a4f6065e0a3ce0523",
                "sha256:f42d0984e947b8adf7dd6dde396e720934d12c506ce84eea8476409563607591",
                "sha256:f71a396b3bf33ecaa1626c255855702aca4d3d9fea5e051b41ac59a9c1c41edc",
                "sha256:f9e130248f4462aaa8e2552d547f36ddadbeaa573879158d721bbd33dfe4743a",
                "sha256:fed51ac40f757d41b7c48425901843666a6677e3e8eb0abcff09e4ba6e664f50"
            ],
            "markers": "python_version >= '3.9'",
            "version": "==3.0.3"
        },
        "numpy": {
            "hashes": [
                "sha256:05b2d4e667895cc55e3ff2b56077e4c8a5604361fc21a042845ea3ad67465aa8",
                "sha256:12edb90831ff481f7ef5f6bc6431a9d74dc0e5ff401559a71e5e4611d4f2d466",
                "sha256:13311c2db4c5f7609b462bc0f43d3c465424d25c626d95040f073e30f7570e35",
                "sha256:13532a088217fa624c99b843eeb54640de23b3414b14aa66d023805eb731066c",
                "sha256:13602b3174432a35b16c4cfb5de9a12d229727c3dd47a6ce35111f2ebdf66ff4",
                "sha256:1600068c262af1ca9580a527d43dc9d959b0b1d8e56f8a05d830eea39b7c8af6",
                "sha256:1b8cde4f11f0a975d1fd59373b32e2f5a562ade7cde4f85b7137f3de8fbb29a0",
                "sha256:1c193d0b0238638e6fc5f10f1b074a6993cb13b0b431f64079a509d63d3aa8b7",
                "sha256:1ebec5fd716c5a5b3d8dfcc439be82a8407b7b24b230d0ad28a81b61c2f4659a",
                "sha256:242b39d00e4944431a3cd2db2f5377e15b5785920421993770cddb89992c3f3a",
                "sha256:259ec80d54999cc34cd1eb8ded513cb053c3bf4829152a2e00de2371bd406f5e",
                "sha256:2abbf905a0b568706391ec6fa15161fad0fb5d8b68d73c461b3c1bab6064dd62",
                "sha256:2cbba4b30bf31ddbe97f1c7205ef976909a93a66bb1583e983adbd155ba72ac2",
                "sha256:2ffef621c14ebb0188a8633348504a35c13680d6da93ab5cb86f4e54b7e922b5",
                "sha256:30d53720b726ec36a7f88dc873f0eec8447fbc93d93a8f079dfac2629598d6ee",
                "sha256:32e16a03138cabe0cb28e1007ee82264296ac0983714094380b408097a418cfe",
                "sha256:43cca367bf94a14aca50b89e9bc2061683116cfe864e56740e083392f533ce7a",
                "sha256:456e3b11cb79ac9946c822a56346ec80275eaf2950314b249b512896c0d2505e",
                "sha256:4d6ec0d4222e8ffdab1744da2560f07856421b367928026fb540e1945f2eeeaf",
                "sha256:5006b13a06e0b38d561fab5ccc37581f23c9511879be7693bd33c7cd15ca227c",
                "sha256:675c741d4739af2dc20cd6c6a5c4b7355c728167845e3c6b0e824e4e5d36a6c3",
                "sha256:6cdb606a7478f9ad91c6283e238544451e3a95f30fb5467fbf715964341a8a86",
                "sha256:6d95f286b8244b3649b477ac066c6906fbb2905f8ac19b170e2175d3d799f4df",
                "sha256:76322dcdb16fccf2ac56f99048af32259dcc488d9b7e25b51e5eca5147a3fb98",
                "sha256:7c1c60328bd964b53f8b835df69ae8198659e2b9302ff9ebb7de4e5a5994db3d",
                "sha256:860ec6e63e2c5c2ee5e9121808145c7bf86c96cca9ad396c0bd3e0f2798ccbe2",
                "sha256:8e00ea6fc82e8a804433d3e9cedaa1051a1422cb6e443011590c14d2dea59146",
                "sha256:9c6c754df29ce6a89ed23afb25550d1c2d5fdb9901d9c67a16e0b16eaf7e2550",
                "sha256:a26ae94658d3ba3781d5e103ac07a876b3e9b29db53f68ed7df432fd033358a8",
                "sha256:a65acfdb9c6ebb8368490dbafe83c03c7e277b37e6857f0caeadbbc56e12f4fb",
                "sha256:a7d80b2e904faa63068ead63107189164ca443b42dd1930299e0d1cb041cec2e",
                "sha256:a84498e0d0a1174f2b3ed769b67b656aa5460c92c9554039e11f20a05650f00d",
                "sha256:ab4754d432e3ac42d33a269c8567413bdb541689b02d93788af4131018cbf366",
                "sha256:ad369ed238b1959dfbade9018a740fb9392c5ac4f9b5173f420bd4f37ba1f7a0",
                "sha256:b1d0fcae4f0949f215d4632be684a539859b295e2d0cb14f78ec231915d644db",
                "sha256:b42a1a511c81cc78cbc4539675713bbcf9d9c3913386243ceff0e9429ca892fe",
                "sha256:bd33f82e95ba7ad632bc57837ee99dba3d7e006536200c4e9124089e1bf42426",
                "sha256:bdd407c40483463898b84490770199d5714dcc9dd9b792f6c6caccc523c00952",
                "sha256:c6eef7a2dbd0abfb0d9eaf78b73017dbfd0b54051102ff4e6a7b2980d5ac1a03",
                "sha256:c82af4b2ddd2ee72d1fc0c6695048d457e00b3582ccde72d8a1c991b808bb20f",
                "sha256:d666cb72687559689e9906197e3bec7b736764df6a2e58ee265e360663e9baf7",
                "sha256:d7bf0a4f9f15b32b5ba53147369e94296f5fffb783db5aacc1be15b4bf72f43b",
                "sha256:d82075752f40c0ddf57e6e02673a17f6cb0f8eb3f587f63ca1eaab5594da5b17",
                "sha256:da65fb46d4cbb75cb417cddf6ba5e7582eb7bb0b47db4b99c9fe5787ce5d91f5",
                "sha256:e2b49c3c0804e8ecb05d59af8386ec2f74877f7ca8fd9c1e00be2672e4d399b1",
                "sha256:e585c8ae871fd38ac50598f4763d73ec5497b0de9a0ab4ef5b69f01c6a046142",
                "sha256:e8d3ca0a72dd8846eb6f7dfe8f19088060fcb76931ed592d29128e0219652884",
                "sha256:ef444c57d664d35cac4e18c298c47d7b504c66b17c2ea91312e979fcfbdfb08a",
                "sha256:f1eb068ead09f4994dec71c24b2844f1e4e4e013b9629f812f292f04bd1510d9",
                "sha256:f2ded8d9b6f68cc26f8425eda5d3877b47343e68ca23d0d0846f4d312ecaa445",
                "sha256:f751ed0a2f250541e19dfca9f1eafa31a392c71c832b6bb9e113b10d050cb0f1",
                "sha256:faa88bc527d0f097abdc2c663cddf37c05a1c2f113716601555249805cf573f1",
                "sha256:fc44e3c68ff00fd991b59092a54350e6e4911152682b4782f68070985aa9e648"
            ],
            "markers": "python_version >= '3.10'",
            "version": "==2.1.2"
        },
        "packaging": {
            "hashes": [
                "sha256:026ed72c8ed3fcce5bf8950572258698927fd1dbda10a5e981cdf0ac37f4f002",
                "sha256:5b8f2217dbdbd2f7f384c41c628544e6d52f2d0f53c6d0c3ea61aa5d1d7ff124"
            ],
            "markers": "python_version >= '3.8'",
            "version": "==24.1"
        },
        "requests": {
            "hashes": [
                "sha256:27babd3cda2a6d50b30443204ee89830707d396671944c998b5975b031ac2b2c",
                "sha256:27d0316682c8a29834d3264820024b62a36942083d52caf2f14c0591336d3422"
            ],
            "index": "pypi",
            "markers": "python_version >= '3.8'",
            "version": "==2.32.4"
        },
        "scikit-learn": {
            "hashes": [
                "sha256:03b6158efa3faaf1feea3faa884c840ebd61b6484167c711548fce208ea09445",
                "sha256:178ddd0a5cb0044464fc1bfc4cca5b1833bfc7bb022d70b05db8530da4bb3dd3",
                "sha256:1ff45e26928d3b4eb767a8f14a9a6efbf1cbff7c05d1fb0f95f211a89fd4f5de",
                "sha256:299406827fb9a4f862626d0fe6c122f5f87f8910b86fe5daa4c32dcd742139b6",
                "sha256:2d4cad1119c77930b235579ad0dc25e65c917e756fe80cab96aa3b9428bd3fb0",
                "sha256:394397841449853c2290a32050382edaec3da89e35b3e03d6cc966aebc6a8ae6",
                "sha256:3a686885a4b3818d9e62904d91b57fa757fc2bed3e465c8b177be652f4dd37c8",
                "sha256:3b923d119d65b7bd555c73be5423bf06c0105678ce7e1f558cb4b40b0a5502b1",
                "sha256:3bed4909ba187aca80580fe2ef370d9180dcf18e621a27c4cf2ef10d279a7efe",
                "sha256:52788f48b5d8bca5c0736c175fa6bdaab2ef00a8f536cda698db61bd89c551c1",
                "sha256:57cc1786cfd6bd118220a92ede80270132aa353647684efa385a74244a41e3b1",
                "sha256:643964678f4b5fbdc95cbf8aec638acc7aa70f5f79ee2cdad1eec3df4ba6ead8",
                "sha256:6c16d84a0d45e4894832b3c4d0bf73050939e21b99b01b6fd59cbb0cf39163b6",
                "sha256:757c7d514ddb00ae249832fe87100d9c73c6ea91423802872d9e74970a0e40b9",
                "sha256:8c412ccc2ad9bf3755915e3908e677b367ebc8d010acbb3f182814524f2e5540",
                "sha256:b0768ad641981f5d3a198430a1d31c3e044ed2e8a6f22166b4d546a5116d7908",
                "sha256:b4237ed7b3fdd0a4882792e68ef2545d5baa50aca3bb45aa7df468138ad8f94d",
                "sha256:b7b0f9a0b1040830d38c39b91b3a44e1b643f4b36e36567b80b7c6bd2202a27f",
                "sha256:c15b1ca23d7c5f33cc2cb0a0d6aaacf893792271cddff0edbd6a40e8319bc113",
                "sha256:ca64b3089a6d9b9363cd3546f8978229dcbb737aceb2c12144ee3f70f95684b7",
                "sha256:e9a702e2de732bbb20d3bad29ebd77fc05a6b427dc49964300340e4c9328b3f5",
                "sha256:f60021ec1574e56632be2a36b946f8143bf4e5e6af4a06d85281adc22938e0dd",
                "sha256:f7284ade780084d94505632241bf78c44ab3b6f1e8ccab3d2af58e0e950f9c12",
                "sha256:f763897fe92d0e903aa4847b0aec0e68cadfff77e8a0687cabd946c89d17e675",
                "sha256:f8b0ccd4a902836493e026c03256e8b206656f91fbcc4fde28c57a5b752561f1",
                "sha256:f932a02c3f4956dfb981391ab24bda1dbd90fe3d628e4b42caef3e041c67707a"
            ],
            "index": "pypi",
            "markers": "python_version >= '3.9'",
            "version": "==1.5.2"
        },
        "scipy": {
            "hashes": [
                "sha256:0c2f95de3b04e26f5f3ad5bb05e74ba7f68b837133a4492414b3afd79dfe540e",
                "sha256:1729560c906963fc8389f6aac023739ff3983e727b1a4d87696b7bf108316a79",
                "sha256:278266012eb69f4a720827bdd2dc54b2271c97d84255b2faaa8f161a158c3b37",
                "sha256:2843f2d527d9eebec9a43e6b406fb7266f3af25a751aa91d62ff416f54170bc5",
                "sha256:2da0469a4ef0ecd3693761acbdc20f2fdeafb69e6819cc081308cc978153c675",
                "sha256:2ff0a7e01e422c15739ecd64432743cf7aae2b03f3084288f399affcefe5222d",
                "sha256:2ff38e22128e6c03ff73b6bb0f85f897d2362f8c052e3b8ad00532198fbdae3f",
                "sha256:30ac8812c1d2aab7131a79ba62933a2a76f582d5dbbc695192453dae67ad6310",
                "sha256:3a1b111fac6baec1c1d92f27e76511c9e7218f1695d61b59e05e0fe04dc59617",
                "sha256:4079b90df244709e675cdc8b93bfd8a395d59af40b72e339c2287c91860deb8e",
                "sha256:5149e3fd2d686e42144a093b206aef01932a0059c2a33ddfa67f5f035bdfe13e",
                "sha256:5a275584e726026a5699459aa72f828a610821006228e841b94275c4a7c08417",
                "sha256:631f07b3734d34aced009aaf6fedfd0eb3498a97e581c3b1e5f14a04164a456d",
                "sha256:716e389b694c4bb564b4fc0c51bc84d381735e0d39d3f26ec1af2556ec6aad94",
                "sha256:8426251ad1e4ad903a4514712d2fa8fdd5382c978010d1c6f5f37ef286a713ad",
                "sha256:8475230e55549ab3f207bff11ebfc91c805dc3463ef62eda3ccf593254524ce8",
                "sha256:8bddf15838ba768bb5f5083c1ea012d64c9a444e16192762bd858f1e126196d0",
                "sha256:8e32dced201274bf96899e6491d9ba3e9a5f6b336708656466ad0522d8528f69",
                "sha256:8f9ea80f2e65bdaa0b7627fb00cbeb2daf163caa015e59b7516395fe3bd1e066",
                "sha256:97c5dddd5932bd2a1a31c927ba5e1463a53b87ca96b5c9bdf5dfd6096e27efc3",
                "sha256:a49f6ed96f83966f576b33a44257d869756df6cf1ef4934f59dd58b25e0327e5",
                "sha256:af29a935803cc707ab2ed7791c44288a682f9c8107bc00f0eccc4f92c08d6e07",
                "sha256:b05d43735bb2f07d689f56f7b474788a13ed8adc484a85aa65c0fd931cf9ccd2",
                "sha256:b28d2ca4add7ac16ae8bb6632a3c86e4b9e4d52d3e34267f6e1b0c1f8d87e389",
                "sha256:b99722ea48b7ea25e8e015e8341ae74624f72e5f21fc2abd45f3a93266de4c5d",
                "sha256:baff393942b550823bfce952bb62270ee17504d02a1801d7fd0719534dfb9c84",
                "sha256:c0ee987efa6737242745f347835da2cc5bb9f1b42996a4d97d5c7ff7928cb6f2",
                "sha256:d0d2821003174de06b69e58cef2316a6622b60ee613121199cb2852a873f8cf3",
                "sha256:e0cf28db0f24a38b2a0ca33a85a54852586e43cf6fd876365c86e0657cfe7d73",
                "sha256:e4f5a7c49323533f9103d4dacf4e4f07078f360743dec7f7596949149efeec06",
                "sha256:eb58ca0abd96911932f688528977858681a59d61a7ce908ffd355957f7025cfc",
                "sha256:edaf02b82cd7639db00dbff629995ef185c8df4c3ffa71a5562a595765a06ce1",
                "sha256:fef8c87f8abfb884dac04e97824b61299880c43f4ce675dd2cbeadd3c9b466d2"
            ],
            "markers": "python_version >= '3.10'",
            "version": "==1.14.1"
        },
        "threadpoolctl": {
            "hashes": [
                "sha256:082433502dd922bf738de0d8bcc4fdcbf0979ff44c42bd40f5af8a282f6fa107",
                "sha256:56c1e26c150397e58c4926da8eeee87533b1e32bef131bd4bf6a2f45f3185467"
            ],
            "markers": "python_version >= '3.8'",
            "version": "==3.5.0"
        },
        "urllib3": {
            "hashes": [
                "sha256:1b62b6884944a57dbe321509ab94fd4d3b307075e0c2eae991ac71ee15ad38ed",
                "sha256:bf272323e553dfb2e87d9bfd225ca7b0f467b919d7bbd355436d3fd37cb0acd4"
            ],
            "markers": "python_version >= '3.9'",
            "version": "==2.6.3"
        },
        "werkzeug": {
            "hashes": [
                "sha256:210c6bede5a420a913956b4791a7f4d6843a43b6fcee4dfa08a65e93007d0d25",
                "sha256:7ddf3357bb9564e407607f988f683d72038551200c704012bb9a4c523d42f131"
            ],
            "markers": "python_version >= '3.9'",
            "version": "==3.1.6"
        }
    },
    "develop": {}
}
